
Microsoft Visual Studio Solution File, Format Version 12.00
# Visual Studio Version 17
VisualStudioVersion = 17.8.34330.188
MinimumVisualStudioVersion = 10.0.40219.1
Project("{8BC9CEB8-8B4A-11D0-8D11-00A0C91BC942}") = "test", "test.vcxproj", "{A30098F9-0B73-4709-93DA-CFF53C6FC90D}"
EndProject
Project("{8BC9CEB8-8B4A-11D0-8D11-00A0C91BC942}") = "Client", "..\Client\Client.vcxproj", "{0E1A2DA8-3FBE-45CC-ADF0-25A562784517}"
EndProject
Project("{8BC9CEB8-8B4A-11D0-8D11-00A0C91BC942}") = "Server", "..\server\server.vcxproj", "{6C267FE7-A35E-496D-983E-CEA7E18B2478}"
EndProject
Global
	GlobalSection(SolutionConfigurationPlatforms) = preSolution
		Debug|x64 = Debug|x64
		Debug|x86 = Debug|x86
		Release|x64 = Release|x64
		Release|x86 = Release|x86
	EndGlobalSection
	GlobalSection(ProjectConfigurationPlatforms) = postSolution
		{A30098F9-0B73-4709-93DA-CFF53C6FC90D}.Debug|x64.ActiveCfg = Debug|x64
		{A30098F9-0B73-4709-93DA-CFF53C6FC90D}.Debug|x64.Build.0 = Debug|x64
		{A30098F9-0B73-4709-93DA-CFF53C6FC90D}.Debug|x86.ActiveCfg = Debug|Win32
		{A30098F9-0B73-4709-93DA-CFF53C6FC90D}.Debug|x86.Build.0 = Debug|Win32
		{A30098F9-0B73-4709-93DA-CFF53C6FC90D}.Release|x64.ActiveCfg = Release|x64
		{A30098F9-0B73-4709-93DA-CFF53C6FC90D}.Release|x64.Build.0 = Release|x64
		{A30098F9-0B73-4709-93DA-CFF53C6FC90D}.Release|x86.ActiveCfg = Release|Win32
		{A30098F9-0B73-4709-93DA-CFF53C6FC90D}.Release|x86.Build.0 = Release|Win32
		{0E1A2DA8-3FBE-45CC-ADF0-25A562784517}.Debug|x64.ActiveCfg = Debug|x64
		{0E1A2DA8-3FBE-45CC-ADF0-25A562784517}.Debug|x64.Build.0 = Debug|x64
		{0E1A2DA8-3FBE-45CC-ADF0-25A562784517}.Debug|x86.ActiveCfg = Debug|Win32
		{0E1A2DA8-3FBE-45CC-ADF0-25A562784517}.Debug|x86.Build.0 = Debug|Win32
		{0E1A2DA8-3FBE-45CC-ADF0-25A562784517}.Release|x64.ActiveCfg = Release|x64
		{0E1A2DA8-3FBE-45CC-ADF0-25A562784517}.Release|x64.Build.0 = Release|x64
		{0E1A2DA8-3FBE-45CC-ADF0-25A562784517}.Release|x86.ActiveCfg = Release|Win32
		{0E1A2DA8-3FBE-45CC-ADF0-25A562784517}.Release|x86.Build.0 = Release|Win32
		{6C267FE7-A35E-496D-983E-CEA7E18B2478}.Debug|x64.ActiveCfg = Debug|x64
		{6C267FE7-A35E-496D-983E-CEA7E18B2478}.Debug|x64.Build.0 = Debug|x64
		{6C267FE7-A35E-496D-983E-CEA7E18B2478}.Debug|x86.ActiveCfg = Debug|Win32
		{6C267FE7-A35E-496D-983E-CEA7E18B2478}.Debug|x86.Build.0 = Debug|Win32
		{6C267FE7-A35E-496D-983E-CEA7E18B2478}.Release|x64.ActiveCfg = Release|x64
		{6C267FE7-A35E-496D-983E-CEA7E18B2478}.Release|x64.Build.0 = Release|x64
		{6C267FE7-A35E-496D-983E-CEA7E18B2478}.Release|x86.ActiveCfg = Release|Win32
		{6C267FE7-A35E-496D-983E-CEA7E18B2478}.Release|x86.Build.0 = Release|Win32
	EndGlobalSection
	GlobalSection(SolutionProperties) = preSolution
		HideSolutionNode = FALSE
	EndGlobalSection
	GlobalSection(ExtensibilityGlobals) = postSolution
		SolutionGuid = {A911B994-1BB0-4AC5-A1A7-9F8E78B82082}
	EndGlobalSection
EndGlobal
